# THIS IS AN AUTOGENERATED FILE. DO NOT EDIT THIS FILE DIRECTLY.
# yarn lockfile v1


"@azure-rest/core-client@^2.3.3":
  version "2.5.1"
  resolved "https://registry.npmjs.org/@azure-rest/core-client/-/core-client-2.5.1.tgz"
  integrity sha512-EHaOXW0RYDKS5CFffnixdyRPak5ytiCtU7uXDcP/uiY+A6jFRwNGzzJBiznkCzvi5EYpY+YWinieqHb0oY916A==
  dependencies:
    "@azure/abort-controller" "^2.1.2"
    "@azure/core-auth" "^1.10.0"
    "@azure/core-rest-pipeline" "^1.22.0"
    "@azure/core-tracing" "^1.3.0"
    "@typespec/ts-http-runtime" "^0.3.0"
    tslib "^2.6.2"

"@azure/abort-controller@^2.0.0", "@azure/abort-controller@^2.1.2":
  version "2.1.2"
  resolved "https://registry.npmjs.org/@azure/abort-controller/-/abort-controller-2.1.2.tgz"
  integrity sha512-nBrLsEWm4J2u5LpAPjxADTlq3trDgVZZXHNKabeXZtpq3d3AbN/KGO82R87rdDz5/lYB024rtEf10/q0urNgsA==
  dependencies:
    tslib "^2.6.2"

"@azure/core-auth@^1.10.0", "@azure/core-auth@^1.3.0", "@azure/core-auth@^1.4.0", "@azure/core-auth@^1.7.2", "@azure/core-auth@^1.8.0", "@azure/core-auth@^1.9.0":
  version "1.10.0"
  resolved "https://registry.npmjs.org/@azure/core-auth/-/core-auth-1.10.0.tgz"
  integrity sha512-88Djs5vBvGbHQHf5ZZcaoNHo6Y8BKZkt3cw2iuJIQzLEgH4Ox6Tm4hjFhbqOxyYsgIG/eJbFEHpxRIfEEWv5Ow==
  dependencies:
    "@azure/abort-controller" "^2.0.0"
    "@azure/core-util" "^1.11.0"
    tslib "^2.6.2"

"@azure/core-client@^1.3.0", "@azure/core-client@^1.5.0", "@azure/core-client@^1.9.2", "@azure/core-client@^1.9.3":
  version "1.10.0"
  resolved "https://registry.npmjs.org/@azure/core-client/-/core-client-1.10.0.tgz"
  integrity sha512-O4aP3CLFNodg8eTHXECaH3B3CjicfzkxVtnrfLkOq0XNP7TIECGfHpK/C6vADZkWP75wzmdBnsIA8ksuJMk18g==
  dependencies:
    "@azure/abort-controller" "^2.0.0"
    "@azure/core-auth" "^1.4.0"
    "@azure/core-rest-pipeline" "^1.20.0"
    "@azure/core-tracing" "^1.0.0"
    "@azure/core-util" "^1.6.1"
    "@azure/logger" "^1.0.0"
    tslib "^2.6.2"

"@azure/core-http-compat@^2.2.0":
  version "2.3.0"
  resolved "https://registry.npmjs.org/@azure/core-http-compat/-/core-http-compat-2.3.0.tgz"
  integrity sha512-qLQujmUypBBG0gxHd0j6/Jdmul6ttl24c8WGiLXIk7IHXdBlfoBqW27hyz3Xn6xbfdyVSarl1Ttbk0AwnZBYCw==
  dependencies:
    "@azure/abort-controller" "^2.0.0"
    "@azure/core-client" "^1.3.0"
    "@azure/core-rest-pipeline" "^1.20.0"

"@azure/core-lro@^2.2.0", "@azure/core-lro@^2.7.2":
  version "2.7.2"
  resolved "https://registry.npmjs.org/@azure/core-lro/-/core-lro-2.7.2.tgz"
  integrity sha512-0YIpccoX8m/k00O7mDDMdJpbr6mf1yWo2dfmxt5A8XVZVVMz2SSKaEbMCeJRvgQ0IaSlqhjT47p4hVIRRy90xw==
  dependencies:
    "@azure/abort-controller" "^2.0.0"
    "@azure/core-util" "^1.2.0"
    "@azure/logger" "^1.0.0"
    tslib "^2.6.2"

"@azure/core-paging@^1.6.2":
  version "1.6.2"
  resolved "https://registry.npmjs.org/@azure/core-paging/-/core-paging-1.6.2.tgz"
  integrity sha512-YKWi9YuCU04B55h25cnOYZHxXYtEvQEbKST5vqRga7hWY9ydd3FZHdeQF8pyh+acWZvppw13M/LMGx0LABUVMA==
  dependencies:
    tslib "^2.6.2"

"@azure/core-rest-pipeline@^1.17.0", "@azure/core-rest-pipeline@^1.19.0", "@azure/core-rest-pipeline@^1.19.1", "@azure/core-rest-pipeline@^1.20.0", "@azure/core-rest-pipeline@^1.22.0", "@azure/core-rest-pipeline@^1.8.0":
  version "1.22.0"
  resolved "https://registry.npmjs.org/@azure/core-rest-pipeline/-/core-rest-pipeline-1.22.0.tgz"
  integrity sha512-OKHmb3/Kpm06HypvB3g6Q3zJuvyXcpxDpCS1PnU8OV6AJgSFaee/covXBcPbWc6XDDxtEPlbi3EMQ6nUiPaQtw==
  dependencies:
    "@azure/abort-controller" "^2.0.0"
    "@azure/core-auth" "^1.8.0"
    "@azure/core-tracing" "^1.0.1"
    "@azure/core-util" "^1.11.0"
    "@azure/logger" "^1.0.0"
    "@typespec/ts-http-runtime" "^0.3.0"
    tslib "^2.6.2"

"@azure/core-tracing@^1.0.0", "@azure/core-tracing@^1.0.1", "@azure/core-tracing@^1.2.0", "@azure/core-tracing@^1.3.0":
  version "1.3.0"
  resolved "https://registry.npmjs.org/@azure/core-tracing/-/core-tracing-1.3.0.tgz"
  integrity sha512-+XvmZLLWPe67WXNZo9Oc9CrPj/Tm8QnHR92fFAFdnbzwNdCH1h+7UdpaQgRSBsMY+oW1kHXNUZQLdZ1gHX3ROw==
  dependencies:
    tslib "^2.6.2"

"@azure/core-util@^1.10.0", "@azure/core-util@^1.11.0", "@azure/core-util@^1.2.0", "@azure/core-util@^1.6.1":
  version "1.13.0"
  resolved "https://registry.npmjs.org/@azure/core-util/-/core-util-1.13.0.tgz"
  integrity sha512-o0psW8QWQ58fq3i24Q1K2XfS/jYTxr7O1HRcyUE9bV9NttLU+kYOH82Ixj8DGlMTOWgxm1Sss2QAfKK5UkSPxw==
  dependencies:
    "@azure/abort-controller" "^2.0.0"
    "@typespec/ts-http-runtime" "^0.3.0"
    tslib "^2.6.2"

"@azure/core-xml@^1.4.5":
  version "1.5.0"
  resolved "https://registry.npmjs.org/@azure/core-xml/-/core-xml-1.5.0.tgz"
  integrity sha512-D/sdlJBMJfx7gqoj66PKVmhDDaU6TKA49ptcolxdas29X7AfvLTmfAGLjAcIMBK7UZ2o4lygHIqVckOlQU3xWw==
  dependencies:
    fast-xml-parser "^5.0.7"
    tslib "^2.8.1"

"@azure/identity@^4.12.0", "@azure/identity@^4.2.1":
  version "4.13.0"
  resolved "https://registry.npmjs.org/@azure/identity/-/identity-4.13.0.tgz"
  integrity sha512-uWC0fssc+hs1TGGVkkghiaFkkS7NkTxfnCH+Hdg+yTehTpMcehpok4PgUKKdyCH+9ldu6FhiHRv84Ntqj1vVcw==
  dependencies:
    "@azure/abort-controller" "^2.0.0"
    "@azure/core-auth" "^1.9.0"
    "@azure/core-client" "^1.9.2"
    "@azure/core-rest-pipeline" "^1.17.0"
    "@azure/core-tracing" "^1.0.0"
    "@azure/core-util" "^1.11.0"
    "@azure/logger" "^1.0.0"
    "@azure/msal-browser" "^4.2.0"
    "@azure/msal-node" "^3.5.0"
    open "^10.1.0"
    tslib "^2.2.0"

"@azure/keyvault-common@^2.0.0":
  version "2.0.0"
  resolved "https://registry.npmjs.org/@azure/keyvault-common/-/keyvault-common-2.0.0.tgz"
  integrity sha512-wRLVaroQtOqfg60cxkzUkGKrKMsCP6uYXAOomOIysSMyt1/YM0eUn9LqieAWM8DLcU4+07Fio2YGpPeqUbpP9w==
  dependencies:
    "@azure/abort-controller" "^2.0.0"
    "@azure/core-auth" "^1.3.0"
    "@azure/core-client" "^1.5.0"
    "@azure/core-rest-pipeline" "^1.8.0"
    "@azure/core-tracing" "^1.0.0"
    "@azure/core-util" "^1.10.0"
    "@azure/logger" "^1.1.4"
    tslib "^2.2.0"

"@azure/keyvault-keys@^4.4.0":
  version "4.10.0"
  resolved "https://registry.npmjs.org/@azure/keyvault-keys/-/keyvault-keys-4.10.0.tgz"
  integrity sha512-eDT7iXoBTRZ2n3fLiftuGJFD+yjkiB1GNqzU2KbY1TLYeXeSPVTVgn2eJ5vmRTZ11978jy2Kg2wI7xa9Tyr8ag==
  dependencies:
    "@azure-rest/core-client" "^2.3.3"
    "@azure/abort-controller" "^2.1.2"
    "@azure/core-auth" "^1.9.0"
    "@azure/core-http-compat" "^2.2.0"
    "@azure/core-lro" "^2.7.2"
    "@azure/core-paging" "^1.6.2"
    "@azure/core-rest-pipeline" "^1.19.0"
    "@azure/core-tracing" "^1.2.0"
    "@azure/core-util" "^1.11.0"
    "@azure/keyvault-common" "^2.0.0"
    "@azure/logger" "^1.1.4"
    tslib "^2.8.1"

"@azure/logger@^1.0.0", "@azure/logger@^1.1.4":
  version "1.3.0"
  resolved "https://registry.npmjs.org/@azure/logger/-/logger-1.3.0.tgz"
  integrity sha512-fCqPIfOcLE+CGqGPd66c8bZpwAji98tZ4JI9i/mlTNTlsIWslCfpg48s/ypyLxZTump5sypjrKn2/kY7q8oAbA==
  dependencies:
    "@typespec/ts-http-runtime" "^0.3.0"
    tslib "^2.6.2"

"@azure/msal-browser@^4.2.0":
  version "4.15.0"
  resolved "https://registry.npmjs.org/@azure/msal-browser/-/msal-browser-4.15.0.tgz"
  integrity sha512-+AIGTvpVz+FIx5CsM1y+nW0r/qOb/ChRdM8/Cbp+jKWC0Wdw4ldnwPdYOBi5NaALUQnYITirD9XMZX7LdklEzQ==
  dependencies:
    "@azure/msal-common" "15.8.1"

"@azure/msal-common@15.13.0":
  version "15.13.0"
  resolved "https://registry.npmjs.org/@azure/msal-common/-/msal-common-15.13.0.tgz"
  integrity sha512-8oF6nj02qX7eE/6+wFT5NluXRHc05AgdCC3fJnkjiJooq8u7BcLmxaYYSwc2AfEkWRMRi6Eyvvbeqk4U4412Ag==

"@azure/msal-common@15.8.1":
  version "15.8.1"
  resolved "https://registry.npmjs.org/@azure/msal-common/-/msal-common-15.8.1.tgz"
  integrity sha512-ltIlFK5VxeJ5BurE25OsJIfcx1Q3H/IZg2LjV9d4vmH+5t4c1UCyRQ/HgKLgXuCZShs7qfc/TC95GYZfsUsJUQ==

"@azure/msal-node@^3.5.0", "@azure/msal-node@^3.8.0":
  version "3.8.0"
  resolved "https://registry.npmjs.org/@azure/msal-node/-/msal-node-3.8.0.tgz"
  integrity sha512-23BXm82Mp5XnRhrcd4mrHa0xuUNRp96ivu3nRatrfdAqjoeWAGyD0eEAafxAOHAEWWmdlyFK4ELFcdziXyw2sA==
  dependencies:
    "@azure/msal-common" "15.13.0"
    jsonwebtoken "^9.0.0"
    uuid "^8.3.0"

"@azure/storage-blob@^12.28.0":
  version "12.28.0"
  resolved "https://registry.npmjs.org/@azure/storage-blob/-/storage-blob-12.28.0.tgz"
  integrity sha512-VhQHITXXO03SURhDiGuHhvc/k/sD2WvJUS7hqhiVNbErVCuQoLtWql7r97fleBlIRKHJaa9R7DpBjfE0pfLYcA==
  dependencies:
    "@azure/abort-controller" "^2.1.2"
    "@azure/core-auth" "^1.9.0"
    "@azure/core-client" "^1.9.3"
    "@azure/core-http-compat" "^2.2.0"
    "@azure/core-lro" "^2.2.0"
    "@azure/core-paging" "^1.6.2"
    "@azure/core-rest-pipeline" "^1.19.1"
    "@azure/core-tracing" "^1.2.0"
    "@azure/core-util" "^1.11.0"
    "@azure/core-xml" "^1.4.5"
    "@azure/logger" "^1.1.4"
    "@azure/storage-common" "^12.0.0-beta.2"
    events "^3.0.0"
    tslib "^2.8.1"

"@azure/storage-common@^12.0.0-beta.2":
  version "12.0.0"
  resolved "https://registry.npmjs.org/@azure/storage-common/-/storage-common-12.0.0.tgz"
  integrity sha512-QyEWXgi4kdRo0wc1rHum9/KnaWZKCdQGZK1BjU4fFL6Jtedp7KLbQihgTTVxldFy1z1ZPtuDPx8mQ5l3huPPbA==
  dependencies:
    "@azure/abort-controller" "^2.1.2"
    "@azure/core-auth" "^1.9.0"
    "@azure/core-http-compat" "^2.2.0"
    "@azure/core-rest-pipeline" "^1.19.1"
    "@azure/core-tracing" "^1.2.0"
    "@azure/core-util" "^1.11.0"
    "@azure/logger" "^1.1.4"
    events "^3.3.0"
    tslib "^2.8.1"

"@colors/colors@1.5.0":
  version "1.5.0"
  resolved "https://registry.npmjs.org/@colors/colors/-/colors-1.5.0.tgz"
  integrity sha512-ooWCrlZP11i8GImSjTHYHLkvFDP48nS4+204nGb1RiX/WXYHmJA2III9/e2DWVabCESdW7hBAEzHRqUn9OUVvQ==

"@fast-csv/format@4.3.5":
  version "4.3.5"
  resolved "https://registry.npmjs.org/@fast-csv/format/-/format-4.3.5.tgz"
  integrity sha512-8iRn6QF3I8Ak78lNAa+Gdl5MJJBM5vRHivFtMRUWINdevNo00K7OXxS2PshawLKTejVwieIlPmK5YlLu6w4u8A==
  dependencies:
    "@types/node" "^14.0.1"
    lodash.escaperegexp "^4.1.2"
    lodash.isboolean "^3.0.3"
    lodash.isequal "^4.5.0"
    lodash.isfunction "^3.0.9"
    lodash.isnil "^4.0.0"

"@fast-csv/parse@4.3.6":
  version "4.3.6"
  resolved "https://registry.npmjs.org/@fast-csv/parse/-/parse-4.3.6.tgz"
  integrity sha512-uRsLYksqpbDmWaSmzvJcuApSEe38+6NQZBUsuAyMZKqHxH0g1wcJgsKUvN3WC8tewaqFjBMMGrkHmC+T7k8LvA==
  dependencies:
    "@types/node" "^14.0.1"
    lodash.escaperegexp "^4.1.2"
    lodash.groupby "^4.6.0"
    lodash.isfunction "^3.0.9"
    lodash.isnil "^4.0.0"
    lodash.isundefined "^3.0.1"
    lodash.uniq "^4.5.0"

"@js-joda/core@^5.6.1":
  version "5.6.5"
  resolved "https://registry.npmjs.org/@js-joda/core/-/core-5.6.5.tgz"
  integrity sha512-3zwefSMwHpu8iVUW8YYz227sIv6UFqO31p1Bf1ZH/Vom7CmNyUsXjDBlnNzcuhmOL1XfxZ3nvND42kR23XlbcQ==

"@keyv/serialize@^1.1.1":
  version "1.1.1"
  resolved "https://registry.npmjs.org/@keyv/serialize/-/serialize-1.1.1.tgz"
  integrity sha512-dXn3FZhPv0US+7dtJsIi2R+c7qWYiReoEh5zUntWCf4oSpMNib8FDhSoed6m3QyZdx5hK7iLFkYk3rNxwt8vTA==

"@ldapjs/asn1@^1.2.0":
  version "1.2.0"
  resolved "https://registry.npmjs.org/@ldapjs/asn1/-/asn1-1.2.0.tgz"
  integrity sha512-KX/qQJ2xxzvO2/WOvr1UdQ+8P5dVvuOLk/C9b1bIkXxZss8BaR28njXdPgFCpj5aHaf1t8PmuVnea+N9YG9YMw==

"@ldapjs/asn1@^2.0.0", "@ldapjs/asn1@2.0.0":
  version "2.0.0"
  resolved "https://registry.npmjs.org/@ldapjs/asn1/-/asn1-2.0.0.tgz"
  integrity sha512-G9+DkEOirNgdPmD0I8nu57ygQJKOOgFEMKknEuQvIHbGLwP3ny1mY+OTUYLCbCaGJP4sox5eYgBJRuSUpnAddA==

"@ldapjs/attribute@^1.0.0", "@ldapjs/attribute@1.0.0":
  version "1.0.0"
  resolved "https://registry.npmjs.org/@ldapjs/attribute/-/attribute-1.0.0.tgz"
  integrity sha512-ptMl2d/5xJ0q+RgmnqOi3Zgwk/TMJYG7dYMC0Keko+yZU6n+oFM59MjQOUht5pxJeS4FWrImhu/LebX24vJNRQ==
	@@ -390,6 +390,11 @@
    https-proxy-agent "^7.0.0"
    tslib "^2.6.2"

abort-controller@^3.0.0:
  version "3.0.0"
  resolved "https://registry.npmjs.org/abort-controller/-/abort-controller-3.0.0.tgz"
	@@ -407,6 +412,13 @@ agent-base@^7.1.0, agent-base@^7.1.2:
  resolved "https://registry.npmjs.org/agent-base/-/agent-base-7.1.4.tgz"
  integrity sha512-MnA+YT8fwfJPgBx3m60MNqakm30XOkyIoH1y6huTQvC0PwZG7ki8NacLBcrPbNoo8vEZy7Jpuk7+jMO+CUovTQ==

archiver-utils@^2.1.0:
  version "2.1.0"
  resolved "https://registry.npmjs.org/archiver-utils/-/archiver-utils-2.1.0.tgz"
	@@ -464,6 +476,11 @@ async-csv@^2.1.3:
  dependencies:
    csv "^5.1.3"

async@^2.6.4:
  version "2.6.4"
  resolved "https://registry.npmjs.org/async/-/async-2.6.4.tgz"
	@@ -476,11 +493,6 @@ async@^3.2.4:
  resolved "https://registry.npmjs.org/async/-/async-3.2.6.tgz"
  integrity sha512-htCUDlxyyCLMgaM3xXg0C0LW2xqfuQ6p05pCEIsXuyQ+a1koYKTuBMzRNwmybfLgvJDMd0r1LTn4+E0Ti6C2AA==

async@3.2.3:
  version "3.2.3"
  resolved "https://registry.npmjs.org/async/-/async-3.2.3.tgz"
  integrity sha512-spZRyzKL5l5BZQrr/6m/SqFdBN0q3OCI0f9rjfBzCMBIP4p75P620rR3gTmaksNOhmzgdxcaxdNfMy6anrbM0g==

atomic-sleep@^1.0.0:
  version "1.0.0"
  resolved "https://registry.npmjs.org/atomic-sleep/-/atomic-sleep-1.0.0.tgz"
	@@ -560,6 +572,13 @@ brace-expansion@^2.0.1:
  dependencies:
    balanced-match "^1.0.0"

buffer-crc32@^0.2.1, buffer-crc32@^0.2.13:
  version "0.2.13"
  resolved "https://registry.npmjs.org/buffer-crc32/-/buffer-crc32-0.2.13.tgz"
	@@ -621,13 +640,64 @@ cacheable-request@^13.0.12:
    normalize-url "^8.1.0"
    responselike "^3.0.0"

chainsaw@~0.1.0:
  version "0.1.0"
  resolved "https://registry.npmjs.org/chainsaw/-/chainsaw-0.1.0.tgz"
  integrity sha512-75kWfWt6MEKNC8xYXIdRpDehRYY/tNSgwKaJq+dbbDcxORuVrrQ+SEHoWsniVn9XPYfP4gmdWIeDk/4YNp1rNQ==
  dependencies:
    traverse ">=0.3.0 <0.4"

colorette@^2.0.7:
  version "2.0.20"
  resolved "https://registry.npmjs.org/colorette/-/colorette-2.0.20.tgz"
	@@ -658,7 +728,7 @@ concat-map@0.0.1:
  resolved "https://registry.npmjs.org/concat-map/-/concat-map-0.0.1.tgz"
  integrity sha512-/Srv4dswyQNBfohGpz9o6Yb3Gz3SrUDqBH5rTuhGR7ahtlbYKnVxw2bCFMRljaA7EXHaXZ8wsHdodFvbkhKmqg==

core-util-is@~1.0.0, core-util-is@1.0.2:
  version "1.0.2"
  resolved "https://registry.npmjs.org/core-util-is/-/core-util-is-1.0.2.tgz"
  integrity sha512-3lqz5YjWTYnW6dlDa5TLaTCcShfar1e40rmcJVwCBJC6mWlFuj0eCHIElmG1g5kyuJ/GD+8Wn4FFCcz4gJPfaQ==
	@@ -676,6 +746,15 @@ crc32-stream@^4.0.2:
    crc-32 "^1.2.0"
    readable-stream "^3.4.0"

csv-generate@^3.4.3:
  version "3.4.3"
  resolved "https://registry.npmjs.org/csv-generate/-/csv-generate-3.4.3.tgz"
	@@ -716,7 +795,7 @@ dayjs@^1.11.18, dayjs@^1.8.34:
  resolved "https://registry.npmjs.org/dayjs/-/dayjs-1.11.18.tgz"
  integrity sha512-zFBQ7WFRvVRhKcWoUh+ZA1g2HVgUbsZm9sbddh8EC5iv93sui8DVVz1Npvz+r6meo9VKfa8NyLWBsQK1VvIKPA==

debug@^4.3.3, debug@^4.3.4, debug@4:
  version "4.4.1"
  resolved "https://registry.npmjs.org/debug/-/debug-4.4.1.tgz"
  integrity sha512-KcKCqiftBJcZr++7ykoDIEwSa3XWowTfNPo92BYxjXiyYEVrUQh2aLyhxBCwww+heortUFxEJYcRzosstTEBYQ==
	@@ -748,6 +827,15 @@ defer-to-connect@^2.0.1:
  resolved "https://registry.npmjs.org/defer-to-connect/-/defer-to-connect-2.0.1.tgz"
  integrity sha512-4tvttepXG1VaYGrRibk5EwJd1t4udunSOVMdLSAL6mId1ix438oPwPZMALY41FCijukO1L0twNcGsdzS7dHgDg==

define-lazy-prop@^3.0.0:
  version "3.0.0"
  resolved "https://registry.npmjs.org/define-lazy-prop/-/define-lazy-prop-3.0.0.tgz"
	@@ -758,6 +846,15 @@ denque@^2.1.0:
  resolved "https://registry.npmjs.org/denque/-/denque-2.1.0.tgz"
  integrity sha512-HVQE3AAb/pxF8fQAoiqpvg9i3evqug3hoiwakOyZAwJm+6vZehbkYXZ0l4JxS+I3QxM97v5aaRNhj8v5oBhekw==

duplexer2@~0.1.4:
  version "0.1.4"
  resolved "https://registry.npmjs.org/duplexer2/-/duplexer2-0.1.4.tgz"
	@@ -789,6 +886,23 @@ end-of-stream@^1.1.0, end-of-stream@^1.4.1:
  dependencies:
    once "^1.4.0"

event-target-shim@^5.0.0:
  version "5.0.1"
  resolved "https://registry.npmjs.org/event-target-shim/-/event-target-shim-5.0.1.tgz"
	@@ -859,6 +973,20 @@ file-stream-rotator@^1.0.0:
  resolved "https://registry.npmjs.org/file-stream-rotator/-/file-stream-rotator-1.0.0.tgz"
  integrity sha512-qg5mQO7o+vhS7NPqkrkfJS8qqhz0d17Tnewmb5sUTUKwYe27LKaDtbTuRAtQWkBn6jROuFPVIDF5DtckzokFTQ==

form-data-encoder@^4.0.2:
  version "4.1.0"
  resolved "https://registry.npmjs.org/form-data-encoder/-/form-data-encoder-4.1.0.tgz"
	@@ -869,6 +997,15 @@ fs-constants@^1.0.0:
  resolved "https://registry.npmjs.org/fs-constants/-/fs-constants-1.0.0.tgz"
  integrity sha512-y6OAwoSIf7FyjMIv94u+b5rdheZEjzR63GTyZJm5qh4Bi+2YgwLCcI/fPFZkL5PSixOt6ZNKm+w+Hfp/Bciwow==

fs-extra@^11.3.2:
  version "11.3.2"
  resolved "https://registry.npmjs.org/fs-extra/-/fs-extra-11.3.2.tgz"
	@@ -893,13 +1030,42 @@ fstream@^1.0.12:
    mkdirp ">=0.5 0"
    rimraf "2"

generate-function@^2.3.1:
  version "2.3.1"
  resolved "https://registry.npmjs.org/generate-function/-/generate-function-2.3.1.tgz"
  integrity sha512-eeB5GfMNeevm/GRYq20ShmsaGcmI81kIX2K9XQx5miC8KdHaC6Jm0qQ8ZNeGOi7wYB8OsdxKs+Y2oVuTFuVwKQ==
  dependencies:
    is-property "^1.0.2"

get-stream@^9.0.1:
  version "9.0.1"
  resolved "https://registry.npmjs.org/get-stream/-/get-stream-9.0.1.tgz"
	@@ -920,6 +1086,11 @@ glob@^7.1.3, glob@^7.1.4, glob@^7.2.3:
    once "^1.3.0"
    path-is-absolute "^1.0.0"

got@^14.4.9:
  version "14.5.0"
  resolved "https://registry.npmjs.org/got/-/got-14.5.0.tgz"
	@@ -938,11 +1109,35 @@ got@^14.4.9:
    responselike "^4.0.2"
    type-fest "^4.26.1"

graceful-fs@^4.1.2, graceful-fs@^4.1.6, graceful-fs@^4.2.0, graceful-fs@^4.2.2:
  version "4.2.11"
  resolved "https://registry.npmjs.org/graceful-fs/-/graceful-fs-4.2.11.tgz"
  integrity sha512-RbJ5/jmFcNNCcDV5o9eTnBLJ/HszWV0P73bc+Ff4nS/rJj+YaS6IGyiOL0VoBYX+l1Wrl3k63h/KrH+nhJ0XvQ==

help-me@^5.0.0:
  version "5.0.0"
  resolved "https://registry.npmjs.org/help-me/-/help-me-5.0.0.tgz"
	@@ -1009,11 +1204,16 @@ inflight@^1.0.4:
    once "^1.3.0"
    wrappy "1"

inherits@^2.0.3, inherits@^2.0.4, inherits@~2.0.0, inherits@~2.0.3, inherits@2:
  version "2.0.4"
  resolved "https://registry.npmjs.org/inherits/-/inherits-2.0.4.tgz"
  integrity sha512-k/vGaX4/Yla3WzyMCvTQOXYeIHvqOKtnqBduzTHpzpQZzAskKMhZ2K+EnBiSM9zGSoIFeMpXKxa4dYeZIQqewQ==

is-docker@^3.0.0:
  version "3.0.0"
  resolved "https://registry.npmjs.org/is-docker/-/is-docker-3.0.0.tgz"
	@@ -1026,6 +1226,11 @@ is-inside-container@^1.0.0:
  dependencies:
    is-docker "^3.0.0"

is-property@^1.0.2:
  version "1.0.2"
  resolved "https://registry.npmjs.org/is-property/-/is-property-1.0.2.tgz"
	@@ -1036,18 +1241,35 @@ is-stream@^4.0.1:
  resolved "https://registry.npmjs.org/is-stream/-/is-stream-4.0.1.tgz"
  integrity sha512-Dnz92NInDqYckGEUJv689RbRiTSEHCQ7wOVeALbkOz999YpqT46yMRIGtSNl2iCL1waAZSx40+h59NV/EwzV/A==

is-wsl@^3.1.0:
  version "3.1.0"
  resolved "https://registry.npmjs.org/is-wsl/-/is-wsl-3.1.0.tgz"
  integrity sha512-UcVfVfaK4Sc4m7X3dUSoHoozQGBEFeDC+zVo06t98xe8CzHSZZBekNXH+tu0NalHolcJ/QAGqS46Hef7QXBIMw==
  dependencies:
    is-inside-container "^1.0.0"

isarray@~1.0.0:
  version "1.0.0"
  resolved "https://registry.npmjs.org/isarray/-/isarray-1.0.0.tgz"
  integrity sha512-VLghIWNM6ELQzo7zwmcg0NmTVyWKYjvIeM83yjp0wRDTmUnrM678fQbcKBo6n2CJEF0szoG//ytg+TKla89ALQ==

isstream@0.1.x:
  version "0.1.2"
  resolved "https://registry.npmjs.org/isstream/-/isstream-0.1.2.tgz"
	@@ -1070,6 +1292,17 @@ js2xmlparser@^5.0.0:
  dependencies:
    xmlcreate "^2.0.4"

jsonfile@^6.0.1:
  version "6.1.0"
  resolved "https://registry.npmjs.org/jsonfile/-/jsonfile-6.1.0.tgz"
	@@ -1079,6 +1312,11 @@ jsonfile@^6.0.1:
  optionalDependencies:
    graceful-fs "^4.1.6"

jsonwebtoken@^9.0.0:
  version "9.0.2"
  resolved "https://registry.npmjs.org/jsonwebtoken/-/jsonwebtoken-9.0.2.tgz"
	@@ -1129,6 +1367,13 @@ keyv@^5.5.3:
  dependencies:
    "@keyv/serialize" "^1.1.1"

lazystream@^1.0.0:
  version "1.0.1"
  resolved "https://registry.npmjs.org/lazystream/-/lazystream-1.0.1.tgz"
	@@ -1283,6 +1528,19 @@ lru.min@^1.0.0:
  resolved "https://registry.npmjs.org/lru.min/-/lru.min-1.1.2.tgz"
  integrity sha512-Nv9KddBcQSlQopmBHXSsZVY5xsdlZkdH/Iey0BlcBYggMd4two7cZnKOK9vmy3nY0O5RGH99z1PCeTpPqszUYg==

mimic-response@^3.1.0:
  version "3.1.0"
  resolved "https://registry.npmjs.org/mimic-response/-/mimic-response-3.1.0.tgz"
	@@ -1382,6 +1640,11 @@ normalize-url@^8.1.0:
  resolved "https://registry.npmjs.org/normalize-url/-/normalize-url-8.1.0.tgz"
  integrity sha512-X06Mfd/5aKsRHc0O0J5CUedwnPmnDtLF2+nq+KN9KSDlJHkPuh0JUviWjEWMe0SW/9TDdSLVPuk7L5gGTIA1/w==

objects-to-csv@^1.3.6:
  version "1.3.6"
  resolved "https://registry.npmjs.org/objects-to-csv/-/objects-to-csv-1.3.6.tgz"
	@@ -1416,6 +1679,14 @@ open@^10.1.0:
    is-inside-container "^1.0.0"
    wsl-utils "^0.1.0"

p-cancelable@^4.0.1:
  version "4.0.1"
  resolved "https://registry.npmjs.org/p-cancelable/-/p-cancelable-4.0.1.tgz"
	@@ -1426,11 +1697,41 @@ pako@~1.0.2:
  resolved "https://registry.npmjs.org/pako/-/pako-1.0.11.tgz"
  integrity sha512-4hLB8Py4zZce5s4yd9XzopqwVv/yGNhV1Bl8NTmCq1763HeK2+EwVTv+leGeL13Dnh2wfbqowVPXCIO0z4taYw==

path-is-absolute@^1.0.0:
  version "1.0.1"
  resolved "https://registry.npmjs.org/path-is-absolute/-/path-is-absolute-1.0.1.tgz"
  integrity sha512-AVbw3UJ2e9bq64vSaS9Am0fje1Pa8pbGqTTsmXfaIiMpnr5DlDhfJOuLj9Sf95ZPVDAUerDfEk88MPmPe7UCQg==

pino-abstract-transport@^2.0.0:
  version "2.0.0"
  resolved "https://registry.npmjs.org/pino-abstract-transport/-/pino-abstract-transport-2.0.0.tgz"
	@@ -1523,6 +1824,11 @@ pino@^7.0.0:
    sonic-boom "^2.2.1"
    thread-stream "^0.15.1"

precond@0.2:
  version "0.2.3"
  resolved "https://registry.npmjs.org/precond/-/precond-0.2.3.tgz"
	@@ -1589,33 +1895,7 @@ read@1.0.x:
  dependencies:
    mute-stream "~0.0.4"

readable-stream@^2.0.0:
  version "2.3.8"
  resolved "https://registry.npmjs.org/readable-stream/-/readable-stream-2.3.8.tgz"
  integrity sha512-8p0AUk4XODgIewSi0l8Epjs+EVnWiK7NoDIEGU0HhE7+ZyY8D1IMY7odu5lRrFXGg71L15KG8QrPmum45RTtdA==
  dependencies:
    core-util-is "~1.0.0"
    inherits "~2.0.3"
    isarray "~1.0.0"
    process-nextick-args "~2.0.0"
    safe-buffer "~5.1.1"
    string_decoder "~1.1.1"
    util-deprecate "~1.0.1"

readable-stream@^2.0.2:
  version "2.3.8"
  resolved "https://registry.npmjs.org/readable-stream/-/readable-stream-2.3.8.tgz"
  integrity sha512-8p0AUk4XODgIewSi0l8Epjs+EVnWiK7NoDIEGU0HhE7+ZyY8D1IMY7odu5lRrFXGg71L15KG8QrPmum45RTtdA==
  dependencies:
    core-util-is "~1.0.0"
    inherits "~2.0.3"
    isarray "~1.0.0"
    process-nextick-args "~2.0.0"
    safe-buffer "~5.1.1"
    string_decoder "~1.1.1"
    util-deprecate "~1.0.1"

readable-stream@^2.0.5:
  version "2.3.8"
  resolved "https://registry.npmjs.org/readable-stream/-/readable-stream-2.3.8.tgz"
  integrity sha512-8p0AUk4XODgIewSi0l8Epjs+EVnWiK7NoDIEGU0HhE7+ZyY8D1IMY7odu5lRrFXGg71L15KG8QrPmum45RTtdA==
	@@ -1648,19 +1928,6 @@ readable-stream@^4.2.0:
    process "^0.11.10"
    string_decoder "^1.3.0"

readable-stream@~2.3.6:
  version "2.3.8"
  resolved "https://registry.npmjs.org/readable-stream/-/readable-stream-2.3.8.tgz"
  integrity sha512-8p0AUk4XODgIewSi0l8Epjs+EVnWiK7NoDIEGU0HhE7+ZyY8D1IMY7odu5lRrFXGg71L15KG8QrPmum45RTtdA==
  dependencies:
    core-util-is "~1.0.0"
    inherits "~2.0.3"
    isarray "~1.0.0"
    process-nextick-args "~2.0.0"
    safe-buffer "~5.1.1"
    string_decoder "~1.1.1"
    util-deprecate "~1.0.1"

readdir-glob@^1.1.2:
  version "1.1.3"
  resolved "https://registry.npmjs.org/readdir-glob/-/readdir-glob-1.1.3.tgz"
	@@ -1746,7 +2013,12 @@ secure-json-parse@^4.0.0:
  resolved "https://registry.npmjs.org/secure-json-parse/-/secure-json-parse-4.1.0.tgz"
  integrity sha512-l4KnYfEyqYJxDwlNVyRfO2E4NTHfMKAWdUuA8J0yve2Dz/E/PdBepY03RvyJpssIpRFwJoCD55wA+mEDs6ByWA==

semver@^7.3.8, semver@^7.5.4:
  version "7.7.2"
  resolved "https://registry.npmjs.org/semver/-/semver-7.7.2.tgz"
  integrity sha512-RF0Fw+rO5AMf9MAyaRXI4AV0Ulj5lMHqVxxdSgiVbixSCXoEmmX/jk0CuJw4+3SqroYO9VoUh+HcuJivvtJemA==
	@@ -1756,11 +2028,40 @@ seq-queue@^0.0.5:
  resolved "https://registry.npmjs.org/seq-queue/-/seq-queue-0.0.5.tgz"
  integrity sha512-hr3Wtp/GZIc/6DAGPDcV4/9WoZhjrkXsi5B/07QgX8tsdc6ilr7BFM6PM6rbdAX1kFSDYeZGLipIZZKyQP0O5Q==

setimmediate@^1.0.5, setimmediate@~1.0.4:
  version "1.0.5"
  resolved "https://registry.npmjs.org/setimmediate/-/setimmediate-1.0.5.tgz"
  integrity sha512-MATJdZp8sLqDl/68LfQmbP8zKPLQNV6BIZoIgrscFDQ+RsvK/BxeDQOgyxKKoh0y/8h3BqVFnCqQ/gd+reiIXA==

slow-redact@^0.3.0:
  version "0.3.2"
  resolved "https://registry.npmjs.org/slow-redact/-/slow-redact-0.3.2.tgz"
	@@ -1836,6 +2137,13 @@ strnum@^2.1.0:
  resolved "https://registry.npmjs.org/strnum/-/strnum-2.1.1.tgz"
  integrity sha512-7ZvoFTiCnGxBtDqJ//Cu6fWtZtc7Y3x+QOirG15wztbdngGSkht27o2pyGWrVy0b4WAy3jbKmnoK6g5VlVNUUw==

tar-stream@^2.2.0:
  version "2.2.0"
  resolved "https://registry.npmjs.org/tar-stream/-/tar-stream-2.2.0.tgz"
	@@ -1899,6 +2207,18 @@ tmp@^0.2.0:
  resolved "https://registry.npmjs.org/tmp/-/tmp-0.2.3.tgz"
  integrity sha512-nZD7m9iCPC5g0pYmcaxogYKggSfLsdxl8of3Q/oIbqCqLLIO9IAF0GWjX1z9NZRHPiXv8Wex4yDCaZsgEw0Y8w==

tough-cookie@^6.0.0:
  version "6.0.0"
  resolved "https://registry.npmjs.org/tough-cookie/-/tough-cookie-6.0.0.tgz"
	@@ -1964,6 +2284,15 @@ vasync@^2.2.1:
  dependencies:
    verror "1.10.0"

verror@^1.10.1:
  version "1.10.1"
  resolved "https://registry.npmjs.org/verror/-/verror-1.10.1.tgz"
	@@ -1973,14 +2302,12 @@ verror@^1.10.1:
    core-util-is "1.0.2"
    extsprintf "^1.2.0"

verror@1.10.0:
  version "1.10.0"
  resolved "https://registry.npmjs.org/verror/-/verror-1.10.0.tgz"
  integrity sha512-ZZKSmDAEFOijERBLkmYfJ+vmk3w+7hOLYDNkRCuRuMJGEmqYNCNLyBBFwWKVMhfwaEF3WOd0Zlw86U/WC/+nYw==
  dependencies:
    assert-plus "^1.0.0"
    core-util-is "1.0.2"
    extsprintf "^1.2.0"

winston@2.x:
  version "2.4.7"
	@@ -2016,6 +2343,11 @@ xmlcreate@^2.0.4:
  resolved "https://registry.npmjs.org/xmlcreate/-/xmlcreate-2.0.4.tgz"
  integrity sha512-nquOebG4sngPmGPICTS5EnxqhKbCmz5Ox5hsszI2T6U5qdrJizBc+0ilYSEjTSzU0yZcmvppztXe/5Al5fUwdg==

zip-stream@^4.1.0:
  version "4.1.1"
  resolved "https://registry.npmjs.org/zip-stream/-/zip-stream-4.1.1.tgz"
  integrity sha512-9qv4rlDiopXg4E69k+vMHjNN63YFMe9sZMrdlvKnCjlCRWeCBswPPMPUfx+ipsAWq1LXHe70RcbaHdJJpS6hyQ==
  dependencies:
    archiver-utils "^3.0.4"
    compress-commons "^4.1.2"
    readable-stream "^3.6.0"
